
Microsoft Visual Studio Solution File, Format Version 12.00
# Visual Studio 15
VisualStudioVersion = 15.0.27703.2042
MinimumVisualStudioVersion = 10.0.40219.1
Project("{9A19103F-16F7-4668-BE54-9A1E7A4F7556}") = "SwitchZygmaSetup", "OltVsolSanity\SwitchZygmaSetup.csproj", "{753AC367-1EFA-46F9-8393-4478839AD519}"
EndProject
Project("{9A19103F-16F7-4668-BE54-9A1E7A4F7556}") = "SwitchZygmaIntegrationTest", "OltIntegrationTest\SwitchZygmaIntegrationTest.csproj", "{59EF896F-9D24-48AA-B668-CFD8926BED18}"
EndProject
Global
	GlobalSection(SolutionConfigurationPlatforms) = preSolution
		Debug|Any CPU = Debug|Any CPU
		Release|Any CPU = Release|Any CPU
	EndGlobalSection
	GlobalSection(ProjectConfigurationPlatforms) = postSolution
		{753AC367-1EFA-46F9-8393-4478839AD519}.Debug|Any CPU.ActiveCfg = Debug|Any CPU
		{753AC367-1EFA-46F9-8393-4478839AD519}.Debug|Any CPU.Build.0 = Debug|Any CPU
		{753AC367-1EFA-46F9-8393-4478839AD519}.Release|Any CPU.ActiveCfg = Release|Any CPU
		{753AC367-1EFA-46F9-8393-4478839AD519}.Release|Any CPU.Build.0 = Release|Any CPU
		{59EF896F-9D24-48AA-B668-CFD8926BED18}.Debug|Any CPU.ActiveCfg = Debug|Any CPU
		{59EF896F-9D24-48AA-B668-CFD8926BED18}.Debug|Any CPU.Build.0 = Debug|Any CPU
		{59EF896F-9D24-48AA-B668-CFD8926BED18}.Release|Any CPU.ActiveCfg = Release|Any CPU
		{59EF896F-9D24-48AA-B668-CFD8926BED18}.Release|Any CPU.Build.0 = Release|Any CPU
	EndGlobalSection
	GlobalSection(SolutionProperties) = preSolution
		HideSolutionNode = FALSE
	EndGlobalSection
	GlobalSection(ExtensibilityGlobals) = postSolution
		SolutionGuid = {2D670623-4EC2-41FE-9671-8D06A8A54846}
	EndGlobalSection
EndGlobal
